
Microsoft Visual Studio Solution File, Format Version 12.00
# Visual Studio 2013
VisualStudioVersion = 12.0.21005.1
MinimumVisualStudioVersion = 10.0.40219.1
Project("{FAE04EC0-301F-11D3-BF4B-00C04F79EFBC}") = "TwitterCopy.Web", "TwitterCopy\TwitterCopy.Web.csproj", "{B3EFEC3C-B477-4B3F-9526-BFCBF058ADEC}"
EndProject
Project("{FAE04EC0-301F-11D3-BF4B-00C04F79EFBC}") = "TwitterCopy.Models", "TwitterCopy.Models\TwitterCopy.Models.csproj", "{2AC8C6B6-C907-432A-AE67-329362FBB0B1}"
EndProject
Project("{FAE04EC0-301F-11D3-BF4B-00C04F79EFBC}") = "TwitterCopy.Data", "TwitterCopy.Data\TwitterCopy.Data.csproj", "{876604E1-1A7D-4369-97CC-15A7312985EA}"
EndProject
Project("{FAE04EC0-301F-11D3-BF4B-00C04F79EFBC}") = "TwitterCopy.Common", "TwitterCopy.Common\TwitterCopy.Common.csproj", "{CAC86FFB-9EA2-4EDA-8DE7-43B1FA30D051}"
EndProject
Project("{FAE04EC0-301F-11D3-BF4B-00C04F79EFBC}") = "TwitterCopy.Web.Common", "TwitterCopy.Web.Common\TwitterCopy.Web.Common.csproj", "{5701461E-C3B4-44C4-9DDE-4BBA8AB551BF}"
EndProject
Project("{2150E333-8FDC-42A3-9474-1A3956D46DE8}") = "TwitterCopy.Tests", "TwitterCopy.Tests", "{A2BCE201-9845-4153-85F9-7F8FF307923A}"
EndProject
Project("{FAE04EC0-301F-11D3-BF4B-00C04F79EFBC}") = "TwitterCopy.Tests.Common", "TwitterCopy.Tests.Common\TwitterCopy.Tests.Common.csproj", "{E750C45F-8F14-4EAC-B870-0D94205E6469}"
EndProject
Project("{FAE04EC0-301F-11D3-BF4B-00C04F79EFBC}") = "TwitterCopy.Extensions.Tests", "TwitterCopy.Extensions.Tests\TwitterCopy.Extensions.Tests.csproj", "{4CA3626A-E15B-4A96-AA61-146BEDDB98C2}"
EndProject
Project("{FAE04EC0-301F-11D3-BF4B-00C04F79EFBC}") = "TwitterCopy.Data.Tests", "TwitterCopy.Data.Tests\TwitterCopy.Data.Tests.csproj", "{1B6E16A6-45CF-4F8C-AFF5-DB7C00FB287C}"
EndProject
Project("{FAE04EC0-301F-11D3-BF4B-00C04F79EFBC}") = "TwitterCopy.Web.Tests", "TwitterCopy.Web.Tests\TwitterCopy.Web.Tests.csproj", "{DEF9B21B-9EDF-4CCD-9276-9C1DFEE99AC3}"
EndProject
Global
	GlobalSection(SolutionConfigurationPlatforms) = preSolution
		Debug|Any CPU = Debug|Any CPU
		Release|Any CPU = Release|Any CPU
	EndGlobalSection
	GlobalSection(ProjectConfigurationPlatforms) = postSolution
		{B3EFEC3C-B477-4B3F-9526-BFCBF058ADEC}.Debug|Any CPU.ActiveCfg = Debug|Any CPU
		{B3EFEC3C-B477-4B3F-9526-BFCBF058ADEC}.Debug|Any CPU.Build.0 = Debug|Any CPU
		{B3EFEC3C-B477-4B3F-9526-BFCBF058ADEC}.Release|Any CPU.ActiveCfg = Release|Any CPU
		{B3EFEC3C-B477-4B3F-9526-BFCBF058ADEC}.Release|Any CPU.Build.0 = Release|Any CPU
		{2AC8C6B6-C907-432A-AE67-329362FBB0B1}.Debug|Any CPU.ActiveCfg = Debug|Any CPU
		{2AC8C6B6-C907-432A-AE67-329362FBB0B1}.Debug|Any CPU.Build.0 = Debug|Any CPU
		{2AC8C6B6-C907-432A-AE67-329362FBB0B1}.Release|Any CPU.ActiveCfg = Release|Any CPU
		{2AC8C6B6-C907-432A-AE67-329362FBB0B1}.Release|Any CPU.Build.0 = Release|Any CPU
		{876604E1-1A7D-4369-97CC-15A7312985EA}.Debug|Any CPU.ActiveCfg = Debug|Any CPU
		{876604E1-1A7D-4369-97CC-15A7312985EA}.Debug|Any CPU.Build.0 = Debug|Any CPU
		{876604E1-1A7D-4369-97CC-15A7312985EA}.Release|Any CPU.ActiveCfg = Release|Any CPU
		{876604E1-1A7D-4369-97CC-15A7312985EA}.Release|Any CPU.Build.0 = Release|Any CPU
		{CAC86FFB-9EA2-4EDA-8DE7-43B1FA30D051}.Debug|Any CPU.ActiveCfg = Debug|Any CPU
		{CAC86FFB-9EA2-4EDA-8DE7-43B1FA30D051}.Debug|Any CPU.Build.0 = Debug|Any CPU
		{CAC86FFB-9EA2-4EDA-8DE7-43B1FA30D051}.Release|Any CPU.ActiveCfg = Release|Any CPU
		{CAC86FFB-9EA2-4EDA-8DE7-43B1FA30D051}.Release|Any CPU.Build.0 = Release|Any CPU
		{5701461E-C3B4-44C4-9DDE-4BBA8AB551BF}.Debug|Any CPU.ActiveCfg = Debug|Any CPU
		{5701461E-C3B4-44C4-9DDE-4BBA8AB551BF}.Debug|Any CPU.Build.0 = Debug|Any CPU
		{5701461E-C3B4-44C4-9DDE-4BBA8AB551BF}.Release|Any CPU.ActiveCfg = Release|Any CPU
		{5701461E-C3B4-44C4-9DDE-4BBA8AB551BF}.Release|Any CPU.Build.0 = Release|Any CPU
		{E750C45F-8F14-4EAC-B870-0D94205E6469}.Debug|Any CPU.ActiveCfg = Debug|Any CPU
		{E750C45F-8F14-4EAC-B870-0D94205E6469}.Debug|Any CPU.Build.0 = Debug|Any CPU
		{E750C45F-8F14-4EAC-B870-0D94205E6469}.Release|Any CPU.ActiveCfg = Release|Any CPU
		{E750C45F-8F14-4EAC-B870-0D94205E6469}.Release|Any CPU.Build.0 = Release|Any CPU
		{4CA3626A-E15B-4A96-AA61-146BEDDB98C2}.Debug|Any CPU.ActiveCfg = Debug|Any CPU
		{4CA3626A-E15B-4A96-AA61-146BEDDB98C2}.Debug|Any CPU.Build.0 = Debug|Any CPU
		{4CA3626A-E15B-4A96-AA61-146BEDDB98C2}.Release|Any CPU.ActiveCfg = Release|Any CPU
		{4CA3626A-E15B-4A96-AA61-146BEDDB98C2}.Release|Any CPU.Build.0 = Release|Any CPU
		{1B6E16A6-45CF-4F8C-AFF5-DB7C00FB287C}.Debug|Any CPU.ActiveCfg = Debug|Any CPU
		{1B6E16A6-45CF-4F8C-AFF5-DB7C00FB287C}.Debug|Any CPU.Build.0 = Debug|Any CPU
		{1B6E16A6-45CF-4F8C-AFF5-DB7C00FB287C}.Release|Any CPU.ActiveCfg = Release|Any CPU
		{1B6E16A6-45CF-4F8C-AFF5-DB7C00FB287C}.Release|Any CPU.Build.0 = Release|Any CPU
		{DEF9B21B-9EDF-4CCD-9276-9C1DFEE99AC3}.Debug|Any CPU.ActiveCfg = Debug|Any CPU
		{DEF9B21B-9EDF-4CCD-9276-9C1DFEE99AC3}.Debug|Any CPU.Build.0 = Debug|Any CPU
		{DEF9B21B-9EDF-4CCD-9276-9C1DFEE99AC3}.Release|Any CPU.ActiveCfg = Release|Any CPU
		{DEF9B21B-9EDF-4CCD-9276-9C1DFEE99AC3}.Release|Any CPU.Build.0 = Release|Any CPU
	EndGlobalSection
	GlobalSection(SolutionProperties) = preSolution
		HideSolutionNode = FALSE
	EndGlobalSection
	GlobalSection(NestedProjects) = preSolution
		{E750C45F-8F14-4EAC-B870-0D94205E6469} = {A2BCE201-9845-4153-85F9-7F8FF307923A}
		{4CA3626A-E15B-4A96-AA61-146BEDDB98C2} = {A2BCE201-9845-4153-85F9-7F8FF307923A}
		{1B6E16A6-45CF-4F8C-AFF5-DB7C00FB287C} = {A2BCE201-9845-4153-85F9-7F8FF307923A}
		{DEF9B21B-9EDF-4CCD-9276-9C1DFEE99AC3} = {A2BCE201-9845-4153-85F9-7F8FF307923A}
	EndGlobalSection
EndGlobal
